PODS:
  - Fuse (1.2.0)
  - Nimble (7.3.2)
  - Quick (1.3.2)
  - ReactiveCocoa (8.0.2):
    - ReactiveSwift (~> 4.0)
  - ReactiveSwift (4.0.0):
    - Result (~> 4.0)
  - Realm (3.13.1):
    - Realm/Headers (= 3.13.1)
  - Realm/Headers (3.13.1)
  - RealmSwift (3.13.1):
    - Realm (= 3.13.1)
  - Result (4.1.0)
  - Sourcery (0.15.0)
  - SwiftGen (6.0.2)
  - SwiftLint (0.30.0)
  - SwiftyMocky (3.0.0):
    - SwiftyMocky/Core (= 3.0.0)
  - SwiftyMocky/Core (3.0.0):
    - Sourcery

DEPENDENCIES:
  - Fuse
  - Nimble
  - Quick
  - ReactiveCocoa
  - ReactiveSwift
  - RealmSwift
  - SwiftGen
  - SwiftLint
  - SwiftyMocky

SPEC REPOS:
  https://github.com/cocoapods/specs.git:
    - Fuse
    - Nimble
    - Quick
    - ReactiveCocoa
    - ReactiveSwift
    - Realm
    - RealmSwift
    - Result
    - Sourcery
    - SwiftGen
    - SwiftLint
    - SwiftyMocky

SPEC CHECKSUMS:
  Fuse: 287bd95a5c8dbfe6c41af519eaf48856aa1a28f6
  Nimble: 5e94a8cacb355943c6c87198035dc4adbb0f10e4
  Quick: 2623cb30d7a7f41ca62f684f679586558f483d46
  ReactiveCocoa: fbd26e9ba60e98417ee47433e59465a98ed9da0f
  ReactiveSwift: a2bb9ace428a109e9c0209615645d9d286c8c433
  Realm: 50071da38fe079e0735e47c9f2eae738c68c5996
  RealmSwift: 8a1e6a02b7a08cd17a31e3115143fb69fe5f3fb9
  Result: bd966fac789cc6c1563440b348ab2598cc24d5c7
  Sourcery: 5895672cae353cdbfa95f3f4aaeb75a664d76f6a
  SwiftGen: e5b047067aa84082826a0c4f1c4c2ddc95bcf74c
  SwiftLint: 4e37cb5cd33435170dfd09fba089f41fdbf64d53
  SwiftyMocky: b3580655f96a5835a802bbfd8da9570cda0c285e

PODFILE CHECKSUM: e866c5f6bd0b54b69429f03f235868d9a3aa052b

COCOAPODS: 1.5.3
