PODS:
  - JLSwiftRouter (2.0.0)
  - ReactiveCocoa (6.0.1):
    - ReactiveSwift (~> 2.0)
  - ReactiveSwift (2.0.1):
    - Result (~> 3.2)
  - Realm (2.10.1):
    - Realm/Headers (= 2.10.1)
  - Realm/Headers (2.10.1)
  - RealmSwift (2.10.1):
    - Realm (= 2.10.1)
  - Result (3.2.3)

DEPENDENCIES:
  - JLSwiftRouter (from `https://github.com/skyline75489/SwiftRouter.git`, tag `2.0.0`)
  - ReactiveCocoa
  - ReactiveSwift
  - RealmSwift

EXTERNAL SOURCES:
  JLSwiftRouter:
    :git: https://github.com/skyline75489/SwiftRouter.git
    :tag: 2.0.0

CHECKOUT OPTIONS:
  JLSwiftRouter:
    :git: https://github.com/skyline75489/SwiftRouter.git
    :tag: 2.0.0

SPEC CHECKSUMS:
  JLSwiftRouter: 3d6098b3d4c1d2ea8336dc32c0d2e13e56412c7f
  ReactiveCocoa: cf6595131c832c468fe3f84a2d7f74ed68eb3058
  ReactiveSwift: 60a29ff35988a964fd2bb759755cb6594de523fc
  Realm: fc7a317a5c2c9ba91f5f235ede4e2ea76e9eba0c
  RealmSwift: 505ed6c15942a2e76f5cfa78a8667cfa997ee75b
  Result: 128640a6347e8d2ae48b142556739a2d13f90ce6

PODFILE CHECKSUM: 6a5d242c2a4b53b2ef274f965a1edbfb67fd97c7

COCOAPODS: 1.2.1
